
Microsoft Visual Studio Solution File, Format Version 12.00
# Visual Studio Version 17
VisualStudioVersion = 17.5.33530.505
MinimumVisualStudioVersion = 10.0.40219.1
Project("{FAE04EC0-301F-11D3-BF4B-00C04F79EFBC}") = "Mvc_sample_Project_2", "Mvc_sample_Project_2\Mvc_sample_Project_2.csproj", "{37C9EFEF-6E83-4902-8076-9BBF4F8E8A48}"
EndProject
Global
	GlobalSection(SolutionConfigurationPlatforms) = preSolution
		Debug|Any CPU = Debug|Any CPU
		Release|Any CPU = Release|Any CPU
	EndGlobalSection
	GlobalSection(ProjectConfigurationPlatforms) = postSolution
		{37C9EFEF-6E83-4902-8076-9BBF4F8E8A48}.Debug|Any CPU.ActiveCfg = Debug|Any CPU
		{37C9EFEF-6E83-4902-8076-9BBF4F8E8A48}.Debug|Any CPU.Build.0 = Debug|Any CPU
		{37C9EFEF-6E83-4902-8076-9BBF4F8E8A48}.Release|Any CPU.ActiveCfg = Release|Any CPU
		{37C9EFEF-6E83-4902-8076-9BBF4F8E8A48}.Release|Any CPU.Build.0 = Release|Any CPU
	EndGlobalSection
	GlobalSection(SolutionProperties) = preSolution
		HideSolutionNode = FALSE
	EndGlobalSection
	GlobalSection(ExtensibilityGlobals) = postSolution
		SolutionGuid = {A794E3F7-A23A-4366-BCDE-702531693EDB}
	EndGlobalSection
EndGlobal
